PODS:
  - KMPNativeCoroutinesAsync (0.13.3):
    - KMPNativeCoroutinesCore (= 0.13.3)
  - KMPNativeCoroutinesCore (0.13.3)
  - shared (1.0)

DEPENDENCIES:
  - KMPNativeCoroutinesAsync (= 0.13.3)
  - shared (from `../shared`)

SPEC REPOS:
  trunk:
    - KMPNativeCoroutinesAsync
    - KMPNativeCoroutinesCore

EXTERNAL SOURCES:
  shared:
    :path: "../shared"

SPEC CHECKSUMS:
  KMPNativeCoroutinesAsync: 0fb5f7258e7b2bae50f03614a134bbbbfa3343ab
  KMPNativeCoroutinesCore: 53c5b81bf7b74c556ce595931b3cdde87d6b2e45
  shared: d3e936b2c1df570cf43bf984e725cd24b68be937

PODFILE CHECKSUM: 20cbc8f6d669e90d09748fe15772591883d512bb

COCOAPODS: 1.11.3
